<?xml version="1.0" encoding="utf-8"?>
<Project ToolsVersion="4.0" xmlns="http://schemas.microsoft.com/developer/msbuild/2003">
  <ItemGroup>
    <Filter Include="Source Files">
      <UniqueIdentifier>{4FC737F1-C7A5-4376-A066-2A32D752A2FF}</UniqueIdentifier>
      <Extensions>cpp;c;cc;cxx;c++;cppm;ixx;def;odl;idl;hpj;bat;asm;asmx</Extensions>
    </Filter>
    <Filter Include="Header Files">
      <UniqueIdentifier>{93995380-89BD-4b04-88EB-625FBE52EBFB}</UniqueIdentifier>
      <Extensions>h;hh;hpp;hxx;h++;hm;inl;inc;ipp;xsd</Extensions>
    </Filter>
    <Filter Include="Resource Files">
      <UniqueIdentifier>{67DA6AB6-F800-4c08-8B7A-83BB121AAD01}</UniqueIdentifier>
      <Extensions>rc;ico;cur;bmp;dlg;rc2;rct;bin;rgs;gif;jpg;jpeg;jpe;resx;tiff;tif;png;wav;mfcribbon-ms</Extensions>
    </Filter>
  </ItemGroup>
  <ItemGroup>
    <ClInclude Include="framework.h">
      <Filter>Header Files</Filter>
    </ClInclude>
    <ClInclude Include="SDK\AIModule_classes.h">
      <Filter>Header Files</Filter>
    </ClInclude>
    <ClInclude Include="SDK\AIModule_parameters.h">
      <Filter>Header Files</Filter>
    </ClInclude>
    <ClInclude Include="SDK\AIModule_structs.h">
      <Filter>Header Files</Filter>
    </ClInclude>
    <ClInclude Include="SDK\AnimationCore_classes.h">
      <Filter>Header Files</Filter>
    </ClInclude>
    <ClInclude Include="SDK\AnimationCore_parameters.h">
      <Filter>Header Files</Filter>
    </ClInclude>
    <ClInclude Include="SDK\AnimationCore_structs.h">
      <Filter>Header Files</Filter>
    </ClInclude>
    <ClInclude Include="SDK\AnimGraphRuntime_classes.h">
      <Filter>Header Files</Filter>
    </ClInclude>
    <ClInclude Include="SDK\AnimGraphRuntime_parameters.h">
      <Filter>Header Files</Filter>
    </ClInclude>
    <ClInclude Include="SDK\AnimGraphRuntime_structs.h">
      <Filter>Header Files</Filter>
    </ClInclude>
    <ClInclude Include="SDK\ApexDestruction_classes.h">
      <Filter>Header Files</Filter>
    </ClInclude>
    <ClInclude Include="SDK\ApexDestruction_parameters.h">
      <Filter>Header Files</Filter>
    </ClInclude>
    <ClInclude Include="SDK\ApexDestruction_structs.h">
      <Filter>Header Files</Filter>
    </ClInclude>
    <ClInclude Include="SDK\ArchVisCharacter_classes.h">
      <Filter>Header Files</Filter>
    </ClInclude>
    <ClInclude Include="SDK\ArchVisCharacter_parameters.h">
      <Filter>Header Files</Filter>
    </ClInclude>
    <ClInclude Include="SDK\ArchVisCharacter_structs.h">
      <Filter>Header Files</Filter>
    </ClInclude>
    <ClInclude Include="SDK\AssetRegistry_classes.h">
      <Filter>Header Files</Filter>
    </ClInclude>
    <ClInclude Include="SDK\AssetRegistry_parameters.h">
      <Filter>Header Files</Filter>
    </ClInclude>
    <ClInclude Include="SDK\AssetRegistry_structs.h">
      <Filter>Header Files</Filter>
    </ClInclude>
    <ClInclude Include="SDK\AudioMixer_classes.h">
      <Filter>Header Files</Filter>
    </ClInclude>
    <ClInclude Include="SDK\AudioMixer_parameters.h">
      <Filter>Header Files</Filter>
    </ClInclude>
    <ClInclude Include="SDK\AudioMixer_structs.h">
      <Filter>Header Files</Filter>
    </ClInclude>
    <ClInclude Include="SDK\Basic.h">
      <Filter>Header Files</Filter>
    </ClInclude>
    <ClInclude Include="SDK\BP_ActionCameraParameter_classes.h">
      <Filter>Header Files</Filter>
    </ClInclude>
    <ClInclude Include="SDK\BP_ActionCameraParameter_parameters.h">
      <Filter>Header Files</Filter>
    </ClInclude>
    <ClInclude Include="SDK\BP_ActionCameraParameter_structs.h">
      <Filter>Header Files</Filter>
    </ClInclude>
    <ClInclude Include="SDK\BP_BattleGroupParameter_classes.h">
      <Filter>Header Files</Filter>
    </ClInclude>
    <ClInclude Include="SDK\BP_BattleGroupParameter_parameters.h">
      <Filter>Header Files</Filter>
    </ClInclude>
    <ClInclude Include="SDK\BP_BattleGroupParameter_structs.h">
      <Filter>Header Files</Filter>
    </ClInclude>
    <ClInclude Include="SDK\BP_BattleResultParameter_classes.h">
      <Filter>Header Files</Filter>
    </ClInclude>
    <ClInclude Include="SDK\BP_BattleResultParameter_parameters.h">
      <Filter>Header Files</Filter>
    </ClInclude>
    <ClInclude Include="SDK\BP_BattleResultParameter_structs.h">
      <Filter>Header Files</Filter>
    </ClInclude>
    <ClInclude Include="SDK\BP_BCAI_Friend_classes.h">
      <Filter>Header Files</Filter>
    </ClInclude>
    <ClInclude Include="SDK\BP_BCAI_Friend_parameters.h">
      <Filter>Header Files</Filter>
    </ClInclude>
    <ClInclude Include="SDK\BP_BCAI_Friend_structs.h">
      <Filter>Header Files</Filter>
    </ClInclude>
    <ClInclude Include="SDK\BP_BCAI_Konran_classes.h">
      <Filter>Header Files</Filter>
    </ClInclude>
    <ClInclude Include="SDK\BP_BCAI_Konran_parameters.h">
      <Filter>Header Files</Filter>
    </ClInclude>
    <ClInclude Include="SDK\BP_BCAI_Konran_structs.h">
      <Filter>Header Files</Filter>
    </ClInclude>
    <ClInclude Include="SDK\BP_BCAI_Monster_classes.h">
      <Filter>Header Files</Filter>
    </ClInclude>
    <ClInclude Include="SDK\BP_BCAI_Monster_parameters.h">
      <Filter>Header Files</Filter>
    </ClInclude>
    <ClInclude Include="SDK\BP_BCAI_Monster_structs.h">
      <Filter>Header Files</Filter>
    </ClInclude>
    <ClInclude Include="SDK\BP_CameraShake_Preset_L_classes.h">
      <Filter>Header Files</Filter>
    </ClInclude>
    <ClInclude Include="SDK\BP_CameraShake_Preset_L_parameters.h">
      <Filter>Header Files</Filter>
    </ClInclude>
    <ClInclude Include="SDK\BP_CameraShake_Preset_L_structs.h">
      <Filter>Header Files</Filter>
    </ClInclude>
    <ClInclude Include="SDK\BP_CameraShake_Preset_M_classes.h">
      <Filter>Header Files</Filter>
    </ClInclude>
    <ClInclude Include="SDK\BP_CameraShake_Preset_M_parameters.h">
      <Filter>Header Files</Filter>
    </ClInclude>
    <ClInclude Include="SDK\BP_CameraShake_Preset_M_structs.h">
      <Filter>Header Files</Filter>
    </ClInclude>
    <ClInclude Include="SDK\BP_CameraShake_Preset_S_classes.h">
      <Filter>Header Files</Filter>
    </ClInclude>
    <ClInclude Include="SDK\BP_CameraShake_Preset_S_parameters.h">
      <Filter>Header Files</Filter>
    </ClInclude>
    <ClInclude Include="SDK\BP_CameraShake_Preset_S_structs.h">
      <Filter>Header Files</Filter>
    </ClInclude>
    <ClInclude Include="SDK\BP_COMP_BCAI_Base_classes.h">
      <Filter>Header Files</Filter>
    </ClInclude>
    <ClInclude Include="SDK\BP_COMP_BCAI_Base_parameters.h">
      <Filter>Header Files</Filter>
    </ClInclude>
    <ClInclude Include="SDK\BP_COMP_BCAI_Base_structs.h">
      <Filter>Header Files</Filter>
    </ClInclude>
    <ClInclude Include="SDK\BP_COMP_BCAI_Friend_classes.h">
      <Filter>Header Files</Filter>
    </ClInclude>
    <ClInclude Include="SDK\BP_COMP_BCAI_Friend_parameters.h">
      <Filter>Header Files</Filter>
    </ClInclude>
    <ClInclude Include="SDK\BP_COMP_BCAI_Friend_structs.h">
      <Filter>Header Files</Filter>
    </ClInclude>
    <ClInclude Include="SDK\BP_COMP_BCAI_Monster_classes.h">
      <Filter>Header Files</Filter>
    </ClInclude>
    <ClInclude Include="SDK\BP_COMP_BCAI_Monster_parameters.h">
      <Filter>Header Files</Filter>
    </ClInclude>
    <ClInclude Include="SDK\BP_COMP_BCAI_Monster_structs.h">
      <Filter>Header Files</Filter>
    </ClInclude>
    <ClInclude Include="SDK\BP_MonsterBtController_classes.h">
      <Filter>Header Files</Filter>
    </ClInclude>
    <ClInclude Include="SDK\BP_MonsterBtController_parameters.h">
      <Filter>Header Files</Filter>
    </ClInclude>
    <ClInclude Include="SDK\BP_MonsterBtController_structs.h">
      <Filter>Header Files</Filter>
    </ClInclude>
    <ClInclude Include="SDK\BuildPatchServices_classes.h">
      <Filter>Header Files</Filter>
    </ClInclude>
    <ClInclude Include="SDK\BuildPatchServices_parameters.h">
      <Filter>Header Files</Filter>
    </ClInclude>
    <ClInclude Include="SDK\BuildPatchServices_structs.h">
      <Filter>Header Files</Filter>
    </ClInclude>
    <ClInclude Include="SDK\CableComponent_classes.h">
      <Filter>Header Files</Filter>
    </ClInclude>
    <ClInclude Include="SDK\CableComponent_parameters.h">
      <Filter>Header Files</Filter>
    </ClInclude>
    <ClInclude Include="SDK\CableComponent_structs.h">
      <Filter>Header Files</Filter>
    </ClInclude>
    <ClInclude Include="SDK\CinematicCamera_classes.h">
      <Filter>Header Files</Filter>
    </ClInclude>
    <ClInclude Include="SDK\CinematicCamera_parameters.h">
      <Filter>Header Files</Filter>
    </ClInclude>
    <ClInclude Include="SDK\CinematicCamera_structs.h">
      <Filter>Header Files</Filter>
    </ClInclude>
    <ClInclude Include="SDK\ClothingSystemRuntimeInterface_classes.h">
      <Filter>Header Files</Filter>
    </ClInclude>
    <ClInclude Include="SDK\ClothingSystemRuntimeInterface_parameters.h">
      <Filter>Header Files</Filter>
    </ClInclude>
    <ClInclude Include="SDK\ClothingSystemRuntimeInterface_structs.h">
      <Filter>Header Files</Filter>
    </ClInclude>
    <ClInclude Include="SDK\ClothingSystemRuntime_classes.h">
      <Filter>Header Files</Filter>
    </ClInclude>
    <ClInclude Include="SDK\ClothingSystemRuntime_parameters.h">
      <Filter>Header Files</Filter>
    </ClInclude>
    <ClInclude Include="SDK\ClothingSystemRuntime_structs.h">
      <Filter>Header Files</Filter>
    </ClInclude>
    <ClInclude Include="SDK\CoreUObject_classes.h">
      <Filter>Header Files</Filter>
    </ClInclude>
    <ClInclude Include="SDK\CoreUObject_parameters.h">
      <Filter>Header Files</Filter>
    </ClInclude>
    <ClInclude Include="SDK\CoreUObject_structs.h">
      <Filter>Header Files</Filter>
    </ClInclude>
    <ClInclude Include="SDK\CriWareRuntime_classes.h">
      <Filter>Header Files</Filter>
    </ClInclude>
    <ClInclude Include="SDK\CriWareRuntime_parameters.h">
      <Filter>Header Files</Filter>
    </ClInclude>
    <ClInclude Include="SDK\CriWareRuntime_structs.h">
      <Filter>Header Files</Filter>
    </ClInclude>
    <ClInclude Include="SDK\CustomMeshComponent_classes.h">
      <Filter>Header Files</Filter>
    </ClInclude>
    <ClInclude Include="SDK\CustomMeshComponent_parameters.h">
      <Filter>Header Files</Filter>
    </ClInclude>
    <ClInclude Include="SDK\CustomMeshComponent_structs.h">
      <Filter>Header Files</Filter>
    </ClInclude>
    <ClInclude Include="SDK\DmgTypeBP_Environmental_classes.h">
      <Filter>Header Files</Filter>
    </ClInclude>
    <ClInclude Include="SDK\DmgTypeBP_Environmental_parameters.h">
      <Filter>Header Files</Filter>
    </ClInclude>
    <ClInclude Include="SDK\DmgTypeBP_Environmental_structs.h">
      <Filter>Header Files</Filter>
    </ClInclude>
    <ClInclude Include="SDK\EngineMessages_classes.h">
      <Filter>Header Files</Filter>
    </ClInclude>
    <ClInclude Include="SDK\EngineMessages_parameters.h">
      <Filter>Header Files</Filter>
    </ClInclude>
    <ClInclude Include="SDK\EngineMessages_structs.h">
      <Filter>Header Files</Filter>
    </ClInclude>
    <ClInclude Include="SDK\EngineSettings_classes.h">
      <Filter>Header Files</Filter>
    </ClInclude>
    <ClInclude Include="SDK\EngineSettings_parameters.h">
      <Filter>Header Files</Filter>
    </ClInclude>
    <ClInclude Include="SDK\EngineSettings_structs.h">
      <Filter>Header Files</Filter>
    </ClInclude>
    <ClInclude Include="SDK\Engine_classes.h">
      <Filter>Header Files</Filter>
    </ClInclude>
    <ClInclude Include="SDK\Engine_parameters.h">
      <Filter>Header Files</Filter>
    </ClInclude>
    <ClInclude Include="SDK\Engine_structs.h">
      <Filter>Header Files</Filter>
    </ClInclude>
    <ClInclude Include="SDK\FacialAnimation_classes.h">
      <Filter>Header Files</Filter>
    </ClInclude>
    <ClInclude Include="SDK\FacialAnimation_parameters.h">
      <Filter>Header Files</Filter>
    </ClInclude>
    <ClInclude Include="SDK\FacialAnimation_structs.h">
      <Filter>Header Files</Filter>
    </ClInclude>
    <ClInclude Include="SDK\Foliage_classes.h">
      <Filter>Header Files</Filter>
    </ClInclude>
    <ClInclude Include="SDK\Foliage_parameters.h">
      <Filter>Header Files</Filter>
    </ClInclude>
    <ClInclude Include="SDK\Foliage_structs.h">
      <Filter>Header Files</Filter>
    </ClInclude>
    <ClInclude Include="SDK\GameplayTags_classes.h">
      <Filter>Header Files</Filter>
    </ClInclude>
    <ClInclude Include="SDK\GameplayTags_parameters.h">
      <Filter>Header Files</Filter>
    </ClInclude>
    <ClInclude Include="SDK\GameplayTags_structs.h">
      <Filter>Header Files</Filter>
    </ClInclude>
    <ClInclude Include="SDK\GameplayTasks_classes.h">
      <Filter>Header Files</Filter>
    </ClInclude>
    <ClInclude Include="SDK\GameplayTasks_parameters.h">
      <Filter>Header Files</Filter>
    </ClInclude>
    <ClInclude Include="SDK\GameplayTasks_structs.h">
      <Filter>Header Files</Filter>
    </ClInclude>
    <ClInclude Include="SDK\GeometryCache_classes.h">
      <Filter>Header Files</Filter>
    </ClInclude>
    <ClInclude Include="SDK\GeometryCache_parameters.h">
      <Filter>Header Files</Filter>
    </ClInclude>
    <ClInclude Include="SDK\GeometryCache_structs.h">
      <Filter>Header Files</Filter>
    </ClInclude>
    <ClInclude Include="SDK\HeadMountedDisplay_classes.h">
      <Filter>Header Files</Filter>
    </ClInclude>
    <ClInclude Include="SDK\HeadMountedDisplay_parameters.h">
      <Filter>Header Files</Filter>
    </ClInclude>
    <ClInclude Include="SDK\HeadMountedDisplay_structs.h">
      <Filter>Header Files</Filter>
    </ClInclude>
    <ClInclude Include="SDK\ImmediatePhysics_classes.h">
      <Filter>Header Files</Filter>
    </ClInclude>
    <ClInclude Include="SDK\ImmediatePhysics_parameters.h">
      <Filter>Header Files</Filter>
    </ClInclude>
    <ClInclude Include="SDK\ImmediatePhysics_structs.h">
      <Filter>Header Files</Filter>
    </ClInclude>
    <ClInclude Include="SDK\InputCore_classes.h">
      <Filter>Header Files</Filter>
    </ClInclude>
    <ClInclude Include="SDK\InputCore_parameters.h">
      <Filter>Header Files</Filter>
    </ClInclude>
    <ClInclude Include="SDK\InputCore_structs.h">
      <Filter>Header Files</Filter>
    </ClInclude>
    <ClInclude Include="SDK\JackAnimNodeRuntime_classes.h">
      <Filter>Header Files</Filter>
    </ClInclude>
    <ClInclude Include="SDK\JackAnimNodeRuntime_parameters.h">
      <Filter>Header Files</Filter>
    </ClInclude>
    <ClInclude Include="SDK\JackAnimNodeRuntime_structs.h">
      <Filter>Header Files</Filter>
    </ClInclude>
    <ClInclude Include="SDK\JackGame_classes.h">
      <Filter>Header Files</Filter>
    </ClInclude>
    <ClInclude Include="SDK\JackGame_parameters.h">
      <Filter>Header Files</Filter>
    </ClInclude>
    <ClInclude Include="SDK\JackGame_structs.h">
      <Filter>Header Files</Filter>
    </ClInclude>
    <ClInclude Include="SDK\JsonUtilities_classes.h">
      <Filter>Header Files</Filter>
    </ClInclude>
    <ClInclude Include="SDK\JsonUtilities_parameters.h">
      <Filter>Header Files</Filter>
    </ClInclude>
    <ClInclude Include="SDK\JsonUtilities_structs.h">
      <Filter>Header Files</Filter>
    </ClInclude>
    <ClInclude Include="SDK\Landscape_classes.h">
      <Filter>Header Files</Filter>
    </ClInclude>
    <ClInclude Include="SDK\Landscape_parameters.h">
      <Filter>Header Files</Filter>
    </ClInclude>
    <ClInclude Include="SDK\Landscape_structs.h">
      <Filter>Header Files</Filter>
    </ClInclude>
    <ClInclude Include="SDK\LevelSequence_classes.h">
      <Filter>Header Files</Filter>
    </ClInclude>
    <ClInclude Include="SDK\LevelSequence_parameters.h">
      <Filter>Header Files</Filter>
    </ClInclude>
    <ClInclude Include="SDK\LevelSequence_structs.h">
      <Filter>Header Files</Filter>
    </ClInclude>
    <ClInclude Include="SDK\LightPropagationVolumeRuntime_classes.h">
      <Filter>Header Files</Filter>
    </ClInclude>
    <ClInclude Include="SDK\LightPropagationVolumeRuntime_parameters.h">
      <Filter>Header Files</Filter>
    </ClInclude>
    <ClInclude Include="SDK\LightPropagationVolumeRuntime_structs.h">
      <Filter>Header Files</Filter>
    </ClInclude>
    <ClInclude Include="SDK\LocationServicesBPLibrary_classes.h">
      <Filter>Header Files</Filter>
    </ClInclude>
    <ClInclude Include="SDK\LocationServicesBPLibrary_parameters.h">
      <Filter>Header Files</Filter>
    </ClInclude>
    <ClInclude Include="SDK\LocationServicesBPLibrary_structs.h">
      <Filter>Header Files</Filter>
    </ClInclude>
    <ClInclude Include="SDK\MaterialShaderQualitySettings_classes.h">
      <Filter>Header Files</Filter>
    </ClInclude>
    <ClInclude Include="SDK\MaterialShaderQualitySettings_parameters.h">
      <Filter>Header Files</Filter>
    </ClInclude>
    <ClInclude Include="SDK\MaterialShaderQualitySettings_structs.h">
      <Filter>Header Files</Filter>
    </ClInclude>
    <ClInclude Include="SDK\MediaAssets_classes.h">
      <Filter>Header Files</Filter>
    </ClInclude>
    <ClInclude Include="SDK\MediaAssets_parameters.h">
      <Filter>Header Files</Filter>
    </ClInclude>
    <ClInclude Include="SDK\MediaAssets_structs.h">
      <Filter>Header Files</Filter>
    </ClInclude>
    <ClInclude Include="SDK\MediaCompositing_classes.h">
      <Filter>Header Files</Filter>
    </ClInclude>
    <ClInclude Include="SDK\MediaCompositing_parameters.h">
      <Filter>Header Files</Filter>
    </ClInclude>
    <ClInclude Include="SDK\MediaCompositing_structs.h">
      <Filter>Header Files</Filter>
    </ClInclude>
    <ClInclude Include="SDK\MobilePatchingUtils_classes.h">
      <Filter>Header Files</Filter>
    </ClInclude>
    <ClInclude Include="SDK\MobilePatchingUtils_parameters.h">
      <Filter>Header Files</Filter>
    </ClInclude>
    <ClInclude Include="SDK\MobilePatchingUtils_structs.h">
      <Filter>Header Files</Filter>
    </ClInclude>
    <ClInclude Include="SDK\MoviePlayer_classes.h">
      <Filter>Header Files</Filter>
    </ClInclude>
    <ClInclude Include="SDK\MoviePlayer_parameters.h">
      <Filter>Header Files</Filter>
    </ClInclude>
    <ClInclude Include="SDK\MoviePlayer_structs.h">
      <Filter>Header Files</Filter>
    </ClInclude>
    <ClInclude Include="SDK\MovieSceneCapture_classes.h">
      <Filter>Header Files</Filter>
    </ClInclude>
    <ClInclude Include="SDK\MovieSceneCapture_parameters.h">
      <Filter>Header Files</Filter>
    </ClInclude>
    <ClInclude Include="SDK\MovieSceneCapture_structs.h">
      <Filter>Header Files</Filter>
    </ClInclude>
    <ClInclude Include="SDK\MovieSceneTracks_classes.h">
      <Filter>Header Files</Filter>
    </ClInclude>
    <ClInclude Include="SDK\MovieSceneTracks_parameters.h">
      <Filter>Header Files</Filter>
    </ClInclude>
    <ClInclude Include="SDK\MovieSceneTracks_structs.h">
      <Filter>Header Files</Filter>
    </ClInclude>
    <ClInclude Include="SDK\MovieScene_classes.h">
      <Filter>Header Files</Filter>
    </ClInclude>
    <ClInclude Include="SDK\MovieScene_parameters.h">
      <Filter>Header Files</Filter>
    </ClInclude>
    <ClInclude Include="SDK\MovieScene_structs.h">
      <Filter>Header Files</Filter>
    </ClInclude>
    <ClInclude Include="SDK\MRMesh_classes.h">
      <Filter>Header Files</Filter>
    </ClInclude>
    <ClInclude Include="SDK\MRMesh_parameters.h">
      <Filter>Header Files</Filter>
    </ClInclude>
    <ClInclude Include="SDK\MRMesh_structs.h">
      <Filter>Header Files</Filter>
    </ClInclude>
    <ClInclude Include="SDK\OnlineSubsystemSteam_classes.h">
      <Filter>Header Files</Filter>
    </ClInclude>
    <ClInclude Include="SDK\OnlineSubsystemSteam_parameters.h">
      <Filter>Header Files</Filter>
    </ClInclude>
    <ClInclude Include="SDK\OnlineSubsystemSteam_structs.h">
      <Filter>Header Files</Filter>
    </ClInclude>
    <ClInclude Include="SDK\OnlineSubsystemUtils_classes.h">
      <Filter>Header Files</Filter>
    </ClInclude>
    <ClInclude Include="SDK\OnlineSubsystemUtils_parameters.h">
      <Filter>Header Files</Filter>
    </ClInclude>
    <ClInclude Include="SDK\OnlineSubsystemUtils_structs.h">
      <Filter>Header Files</Filter>
    </ClInclude>
    <ClInclude Include="SDK\OnlineSubsystem_classes.h">
      <Filter>Header Files</Filter>
    </ClInclude>
    <ClInclude Include="SDK\OnlineSubsystem_parameters.h">
      <Filter>Header Files</Filter>
    </ClInclude>
    <ClInclude Include="SDK\OnlineSubsystem_structs.h">
      <Filter>Header Files</Filter>
    </ClInclude>
    <ClInclude Include="SDK\OSDKModule_classes.h">
      <Filter>Header Files</Filter>
    </ClInclude>
    <ClInclude Include="SDK\OSDKModule_parameters.h">
      <Filter>Header Files</Filter>
    </ClInclude>
    <ClInclude Include="SDK\OSDKModule_structs.h">
      <Filter>Header Files</Filter>
    </ClInclude>
    <ClInclude Include="SDK\Overlay_classes.h">
      <Filter>Header Files</Filter>
    </ClInclude>
    <ClInclude Include="SDK\Overlay_parameters.h">
      <Filter>Header Files</Filter>
    </ClInclude>
    <ClInclude Include="SDK\Overlay_structs.h">
      <Filter>Header Files</Filter>
    </ClInclude>
    <ClInclude Include="SDK\PacketHandler_classes.h">
      <Filter>Header Files</Filter>
    </ClInclude>
    <ClInclude Include="SDK\PacketHandler_parameters.h">
      <Filter>Header Files</Filter>
    </ClInclude>
    <ClInclude Include="SDK\PacketHandler_structs.h">
      <Filter>Header Files</Filter>
    </ClInclude>
    <ClInclude Include="SDK\Paper2D_classes.h">
      <Filter>Header Files</Filter>
    </ClInclude>
    <ClInclude Include="SDK\Paper2D_parameters.h">
      <Filter>Header Files</Filter>
    </ClInclude>
    <ClInclude Include="SDK\Paper2D_structs.h">
      <Filter>Header Files</Filter>
    </ClInclude>
    <ClInclude Include="SDK\PhysXVehicles_classes.h">
      <Filter>Header Files</Filter>
    </ClInclude>
    <ClInclude Include="SDK\PhysXVehicles_parameters.h">
      <Filter>Header Files</Filter>
    </ClInclude>
    <ClInclude Include="SDK\PhysXVehicles_structs.h">
      <Filter>Header Files</Filter>
    </ClInclude>
    <ClInclude Include="SDK\ProceduralMeshComponent_classes.h">
      <Filter>Header Files</Filter>
    </ClInclude>
    <ClInclude Include="SDK\ProceduralMeshComponent_parameters.h">
      <Filter>Header Files</Filter>
    </ClInclude>
    <ClInclude Include="SDK\ProceduralMeshComponent_structs.h">
      <Filter>Header Files</Filter>
    </ClInclude>
    <ClInclude Include="SDK\Renderer_classes.h">
      <Filter>Header Files</Filter>
    </ClInclude>
    <ClInclude Include="SDK\Renderer_parameters.h">
      <Filter>Header Files</Filter>
    </ClInclude>
    <ClInclude Include="SDK\Renderer_structs.h">
      <Filter>Header Files</Filter>
    </ClInclude>
    <ClInclude Include="SDK\Serialization_classes.h">
      <Filter>Header Files</Filter>
    </ClInclude>
    <ClInclude Include="SDK\Serialization_parameters.h">
      <Filter>Header Files</Filter>
    </ClInclude>
    <ClInclude Include="SDK\Serialization_structs.h">
      <Filter>Header Files</Filter>
    </ClInclude>
    <ClInclude Include="SDK\SessionMessages_classes.h">
      <Filter>Header Files</Filter>
    </ClInclude>
    <ClInclude Include="SDK\SessionMessages_parameters.h">
      <Filter>Header Files</Filter>
    </ClInclude>
    <ClInclude Include="SDK\SessionMessages_structs.h">
      <Filter>Header Files</Filter>
    </ClInclude>
    <ClInclude Include="SDK\SlateCore_classes.h">
      <Filter>Header Files</Filter>
    </ClInclude>
    <ClInclude Include="SDK\SlateCore_parameters.h">
      <Filter>Header Files</Filter>
    </ClInclude>
    <ClInclude Include="SDK\SlateCore_structs.h">
      <Filter>Header Files</Filter>
    </ClInclude>
    <ClInclude Include="SDK\Slate_classes.h">
      <Filter>Header Files</Filter>
    </ClInclude>
    <ClInclude Include="SDK\Slate_parameters.h">
      <Filter>Header Files</Filter>
    </ClInclude>
    <ClInclude Include="SDK\Slate_structs.h">
      <Filter>Header Files</Filter>
    </ClInclude>
    <ClInclude Include="SDK\SQEXSEAD_classes.h">
      <Filter>Header Files</Filter>
    </ClInclude>
    <ClInclude Include="SDK\SQEXSEAD_parameters.h">
      <Filter>Header Files</Filter>
    </ClInclude>
    <ClInclude Include="SDK\SQEXSEAD_structs.h">
      <Filter>Header Files</Filter>
    </ClInclude>
    <ClInclude Include="SDK\TcpMessaging_classes.h">
      <Filter>Header Files</Filter>
    </ClInclude>
    <ClInclude Include="SDK\TcpMessaging_parameters.h">
      <Filter>Header Files</Filter>
    </ClInclude>
    <ClInclude Include="SDK\TcpMessaging_structs.h">
      <Filter>Header Files</Filter>
    </ClInclude>
    <ClInclude Include="SDK\Triple_classes.h">
      <Filter>Header Files</Filter>
    </ClInclude>
    <ClInclude Include="SDK\Triple_parameters.h">
      <Filter>Header Files</Filter>
    </ClInclude>
    <ClInclude Include="SDK\Triple_structs.h">
      <Filter>Header Files</Filter>
    </ClInclude>
    <ClInclude Include="SDK\UdpMessaging_classes.h">
      <Filter>Header Files</Filter>
    </ClInclude>
    <ClInclude Include="SDK\UdpMessaging_parameters.h">
      <Filter>Header Files</Filter>
    </ClInclude>
    <ClInclude Include="SDK\UdpMessaging_structs.h">
      <Filter>Header Files</Filter>
    </ClInclude>
    <ClInclude Include="SDK\UMG_classes.h">
      <Filter>Header Files</Filter>
    </ClInclude>
    <ClInclude Include="SDK\UMG_parameters.h">
      <Filter>Header Files</Filter>
    </ClInclude>
    <ClInclude Include="SDK\UMG_structs.h">
      <Filter>Header Files</Filter>
    </ClInclude>
    <ClInclude Include="SDK\WmfMediaFactory_classes.h">
      <Filter>Header Files</Filter>
    </ClInclude>
    <ClInclude Include="SDK\WmfMediaFactory_parameters.h">
      <Filter>Header Files</Filter>
    </ClInclude>
    <ClInclude Include="SDK\WmfMediaFactory_structs.h">
      <Filter>Header Files</Filter>
    </ClInclude>
    <ClInclude Include="SDK.h">
      <Filter>Header Files</Filter>
    </ClInclude>
    <ClInclude Include="hde\hde32.h">
      <Filter>Header Files</Filter>
    </ClInclude>
    <ClInclude Include="hde\hde64.h">
      <Filter>Header Files</Filter>
    </ClInclude>
    <ClInclude Include="hde\pstdint.h">
      <Filter>Header Files</Filter>
    </ClInclude>
    <ClInclude Include="hde\table32.h">
      <Filter>Header Files</Filter>
    </ClInclude>
    <ClInclude Include="hde\table64.h">
      <Filter>Header Files</Filter>
    </ClInclude>
    <ClInclude Include="buffer.h">
      <Filter>Header Files</Filter>
    </ClInclude>
    <ClInclude Include="trampoline.h">
      <Filter>Header Files</Filter>
    </ClInclude>
    <ClInclude Include="MinHook.h">
      <Filter>Header Files</Filter>
    </ClInclude>
  </ItemGroup>
  <ItemGroup>
    <ClCompile Include="dllmain.cpp">
      <Filter>Source Files</Filter>
    </ClCompile>
    <ClCompile Include="SDK\AIModule_functions.cpp">
      <Filter>Source Files</Filter>
    </ClCompile>
    <ClCompile Include="SDK\AnimationCore_functions.cpp">
      <Filter>Source Files</Filter>
    </ClCompile>
    <ClCompile Include="SDK\AnimGraphRuntime_functions.cpp">
      <Filter>Source Files</Filter>
    </ClCompile>
    <ClCompile Include="SDK\ApexDestruction_functions.cpp">
      <Filter>Source Files</Filter>
    </ClCompile>
    <ClCompile Include="SDK\ArchVisCharacter_functions.cpp">
      <Filter>Source Files</Filter>
    </ClCompile>
    <ClCompile Include="SDK\AssetRegistry_functions.cpp">
      <Filter>Source Files</Filter>
    </ClCompile>
    <ClCompile Include="SDK\AudioMixer_functions.cpp">
      <Filter>Source Files</Filter>
    </ClCompile>
    <ClCompile Include="SDK\Basic.cpp">
      <Filter>Source Files</Filter>
    </ClCompile>
    <ClCompile Include="SDK\BP_ActionCameraParameter_functions.cpp">
      <Filter>Source Files</Filter>
    </ClCompile>
    <ClCompile Include="SDK\BP_BattleGroupParameter_functions.cpp">
      <Filter>Source Files</Filter>
    </ClCompile>
    <ClCompile Include="SDK\BP_BattleResultParameter_functions.cpp">
      <Filter>Source Files</Filter>
    </ClCompile>
    <ClCompile Include="SDK\BP_BCAI_Friend_functions.cpp">
      <Filter>Source Files</Filter>
    </ClCompile>
    <ClCompile Include="SDK\BP_BCAI_Konran_functions.cpp">
      <Filter>Source Files</Filter>
    </ClCompile>
    <ClCompile Include="SDK\BP_BCAI_Monster_functions.cpp">
      <Filter>Source Files</Filter>
    </ClCompile>
    <ClCompile Include="SDK\BP_CameraShake_Preset_L_functions.cpp">
      <Filter>Source Files</Filter>
    </ClCompile>
    <ClCompile Include="SDK\BP_CameraShake_Preset_M_functions.cpp">
      <Filter>Source Files</Filter>
    </ClCompile>
    <ClCompile Include="SDK\BP_CameraShake_Preset_S_functions.cpp">
      <Filter>Source Files</Filter>
    </ClCompile>
    <ClCompile Include="SDK\BP_COMP_BCAI_Base_functions.cpp">
      <Filter>Source Files</Filter>
    </ClCompile>
    <ClCompile Include="SDK\BP_COMP_BCAI_Friend_functions.cpp">
      <Filter>Source Files</Filter>
    </ClCompile>
    <ClCompile Include="SDK\BP_COMP_BCAI_Monster_functions.cpp">
      <Filter>Source Files</Filter>
    </ClCompile>
    <ClCompile Include="SDK\BP_MonsterBtController_functions.cpp">
      <Filter>Source Files</Filter>
    </ClCompile>
    <ClCompile Include="SDK\BuildPatchServices_functions.cpp">
      <Filter>Source Files</Filter>
    </ClCompile>
    <ClCompile Include="SDK\CableComponent_functions.cpp">
      <Filter>Source Files</Filter>
    </ClCompile>
    <ClCompile Include="SDK\CinematicCamera_functions.cpp">
      <Filter>Source Files</Filter>
    </ClCompile>
    <ClCompile Include="SDK\ClothingSystemRuntimeInterface_functions.cpp">
      <Filter>Source Files</Filter>
    </ClCompile>
    <ClCompile Include="SDK\ClothingSystemRuntime_functions.cpp">
      <Filter>Source Files</Filter>
    </ClCompile>
    <ClCompile Include="SDK\CoreUObject_functions.cpp">
      <Filter>Source Files</Filter>
    </ClCompile>
    <ClCompile Include="SDK\CriWareRuntime_functions.cpp">
      <Filter>Source Files</Filter>
    </ClCompile>
    <ClCompile Include="SDK\CustomMeshComponent_functions.cpp">
      <Filter>Source Files</Filter>
    </ClCompile>
    <ClCompile Include="SDK\DmgTypeBP_Environmental_functions.cpp">
      <Filter>Source Files</Filter>
    </ClCompile>
    <ClCompile Include="SDK\EngineMessages_functions.cpp">
      <Filter>Source Files</Filter>
    </ClCompile>
    <ClCompile Include="SDK\EngineSettings_functions.cpp">
      <Filter>Source Files</Filter>
    </ClCompile>
    <ClCompile Include="SDK\Engine_functions.cpp">
      <Filter>Source Files</Filter>
    </ClCompile>
    <ClCompile Include="SDK\FacialAnimation_functions.cpp">
      <Filter>Source Files</Filter>
    </ClCompile>
    <ClCompile Include="SDK\Foliage_functions.cpp">
      <Filter>Source Files</Filter>
    </ClCompile>
    <ClCompile Include="SDK\GameplayTags_functions.cpp">
      <Filter>Source Files</Filter>
    </ClCompile>
    <ClCompile Include="SDK\GameplayTasks_functions.cpp">
      <Filter>Source Files</Filter>
    </ClCompile>
    <ClCompile Include="SDK\GeometryCache_functions.cpp">
      <Filter>Source Files</Filter>
    </ClCompile>
    <ClCompile Include="SDK\HeadMountedDisplay_functions.cpp">
      <Filter>Source Files</Filter>
    </ClCompile>
    <ClCompile Include="SDK\ImmediatePhysics_functions.cpp">
      <Filter>Source Files</Filter>
    </ClCompile>
    <ClCompile Include="SDK\InputCore_functions.cpp">
      <Filter>Source Files</Filter>
    </ClCompile>
    <ClCompile Include="SDK\JackAnimNodeRuntime_functions.cpp">
      <Filter>Source Files</Filter>
    </ClCompile>
    <ClCompile Include="SDK\JackGame_functions.cpp">
      <Filter>Source Files</Filter>
    </ClCompile>
    <ClCompile Include="SDK\JsonUtilities_functions.cpp">
      <Filter>Source Files</Filter>
    </ClCompile>
    <ClCompile Include="SDK\Landscape_functions.cpp">
      <Filter>Source Files</Filter>
    </ClCompile>
    <ClCompile Include="SDK\LevelSequence_functions.cpp">
      <Filter>Source Files</Filter>
    </ClCompile>
    <ClCompile Include="SDK\LightPropagationVolumeRuntime_functions.cpp">
      <Filter>Source Files</Filter>
    </ClCompile>
    <ClCompile Include="SDK\LocationServicesBPLibrary_functions.cpp">
      <Filter>Source Files</Filter>
    </ClCompile>
    <ClCompile Include="SDK\MaterialShaderQualitySettings_functions.cpp">
      <Filter>Source Files</Filter>
    </ClCompile>
    <ClCompile Include="SDK\MediaAssets_functions.cpp">
      <Filter>Source Files</Filter>
    </ClCompile>
    <ClCompile Include="SDK\MediaCompositing_functions.cpp">
      <Filter>Source Files</Filter>
    </ClCompile>
    <ClCompile Include="SDK\MobilePatchingUtils_functions.cpp">
      <Filter>Source Files</Filter>
    </ClCompile>
    <ClCompile Include="SDK\MoviePlayer_functions.cpp">
      <Filter>Source Files</Filter>
    </ClCompile>
    <ClCompile Include="SDK\MovieSceneCapture_functions.cpp">
      <Filter>Source Files</Filter>
    </ClCompile>
    <ClCompile Include="SDK\MovieSceneTracks_functions.cpp">
      <Filter>Source Files</Filter>
    </ClCompile>
    <ClCompile Include="SDK\MovieScene_functions.cpp">
      <Filter>Source Files</Filter>
    </ClCompile>
    <ClCompile Include="SDK\MRMesh_functions.cpp">
      <Filter>Source Files</Filter>
    </ClCompile>
    <ClCompile Include="SDK\OnlineSubsystemSteam_functions.cpp">
      <Filter>Source Files</Filter>
    </ClCompile>
    <ClCompile Include="SDK\OnlineSubsystemUtils_functions.cpp">
      <Filter>Source Files</Filter>
    </ClCompile>
    <ClCompile Include="SDK\OnlineSubsystem_functions.cpp">
      <Filter>Source Files</Filter>
    </ClCompile>
    <ClCompile Include="SDK\OSDKModule_functions.cpp">
      <Filter>Source Files</Filter>
    </ClCompile>
    <ClCompile Include="SDK\Overlay_functions.cpp">
      <Filter>Source Files</Filter>
    </ClCompile>
    <ClCompile Include="SDK\PacketHandler_functions.cpp">
      <Filter>Source Files</Filter>
    </ClCompile>
    <ClCompile Include="SDK\Paper2D_functions.cpp">
      <Filter>Source Files</Filter>
    </ClCompile>
    <ClCompile Include="SDK\PhysXVehicles_functions.cpp">
      <Filter>Source Files</Filter>
    </ClCompile>
    <ClCompile Include="SDK\ProceduralMeshComponent_functions.cpp">
      <Filter>Source Files</Filter>
    </ClCompile>
    <ClCompile Include="SDK\Renderer_functions.cpp">
      <Filter>Source Files</Filter>
    </ClCompile>
    <ClCompile Include="SDK\Serialization_functions.cpp">
      <Filter>Source Files</Filter>
    </ClCompile>
    <ClCompile Include="SDK\SessionMessages_functions.cpp">
      <Filter>Source Files</Filter>
    </ClCompile>
    <ClCompile Include="SDK\SlateCore_functions.cpp">
      <Filter>Source Files</Filter>
    </ClCompile>
    <ClCompile Include="SDK\Slate_functions.cpp">
      <Filter>Source Files</Filter>
    </ClCompile>
    <ClCompile Include="SDK\SQEXSEAD_functions.cpp">
      <Filter>Source Files</Filter>
    </ClCompile>
    <ClCompile Include="SDK\TcpMessaging_functions.cpp">
      <Filter>Source Files</Filter>
    </ClCompile>
    <ClCompile Include="SDK\Triple_functions.cpp">
      <Filter>Source Files</Filter>
    </ClCompile>
    <ClCompile Include="SDK\UdpMessaging_functions.cpp">
      <Filter>Source Files</Filter>
    </ClCompile>
    <ClCompile Include="SDK\UMG_functions.cpp">
      <Filter>Source Files</Filter>
    </ClCompile>
    <ClCompile Include="SDK\WmfMediaFactory_functions.cpp">
      <Filter>Source Files</Filter>
    </ClCompile>
    <ClCompile Include="proxy.cpp">
      <Filter>Source Files</Filter>
    </ClCompile>
    <ClCompile Include="hde\hde32.c">
      <Filter>Source Files</Filter>
    </ClCompile>
    <ClCompile Include="hde\hde64.c">
      <Filter>Source Files</Filter>
    </ClCompile>
    <ClCompile Include="buffer.c">
      <Filter>Source Files</Filter>
    </ClCompile>
    <ClCompile Include="hook.c">
      <Filter>Source Files</Filter>
    </ClCompile>
    <ClCompile Include="trampoline.c">
      <Filter>Source Files</Filter>
    </ClCompile>
  </ItemGroup>
  <ItemGroup>
    <None Include="proxy.def">
      <Filter>Source Files</Filter>
    </None>
  </ItemGroup>
</Project>